
Microsoft Visual Studio Solution File, Format Version 12.00
# Visual Studio 15
VisualStudioVersion = 15.0.28010.2026
MinimumVisualStudioVersion = 10.0.40219.1
Project("{FAE04EC0-301F-11D3-BF4B-00C04F79EFBC}") = "Server", "Server.csproj", "{82C39EB4-0F0E-4BAF-B7E6-EF4DE67BD708}"
EndProject
Global
	GlobalSection(SolutionConfigurationPlatforms) = preSolution
		Debug|Any CPU = Debug|Any CPU
		Release|Any CPU = Release|Any CPU
	EndGlobalSection
	GlobalSection(ProjectConfigurationPlatforms) = postSolution
		{82C39EB4-0F0E-4BAF-B7E6-EF4DE67BD708}.Debug|Any CPU.ActiveCfg = Debug|Any CPU
		{82C39EB4-0F0E-4BAF-B7E6-EF4DE67BD708}.Debug|Any CPU.Build.0 = Debug|Any CPU
		{82C39EB4-0F0E-4BAF-B7E6-EF4DE67BD708}.Release|Any CPU.ActiveCfg = Release|Any CPU
		{82C39EB4-0F0E-4BAF-B7E6-EF4DE67BD708}.Release|Any CPU.Build.0 = Release|Any CPU
	EndGlobalSection
	GlobalSection(SolutionProperties) = preSolution
		HideSolutionNode = FALSE
	EndGlobalSection
	GlobalSection(ExtensibilityGlobals) = postSolution
		SolutionGuid = {9EA68985-819A-4799-86C1-5C842012596A}
	EndGlobalSection
EndGlobal
